
Microsoft Visual Studio Solution File, Format Version 12.00
# Visual Studio 15
VisualStudioVersion = 15.0.27130.2036
MinimumVisualStudioVersion = 10.0.40219.1
Project("{FAE04EC0-301F-11D3-BF4B-00C04F79EFBC}") = "Graph", "Graph\Graph.csproj", "{FD8EA3AA-6619-4CD8-96A2-51A4A5424E57}"
EndProject
Project("{FAE04EC0-301F-11D3-BF4B-00C04F79EFBC}") = "ClassLibrary1", "ClassLibrary1\ClassLibrary1.csproj", "{5995AAF5-824E-4F91-8FCE-EBDBC27C6D8D}"
EndProject
Global
	GlobalSection(SolutionConfigurationPlatforms) = preSolution
		Debug|Any CPU = Debug|Any CPU
		Release|Any CPU = Release|Any CPU
	EndGlobalSection
	GlobalSection(ProjectConfigurationPlatforms) = postSolution
		{FD8EA3AA-6619-4CD8-96A2-51A4A5424E57}.Debug|Any CPU.ActiveCfg = Debug|Any CPU
		{FD8EA3AA-6619-4CD8-96A2-51A4A5424E57}.Debug|Any CPU.Build.0 = Debug|Any CPU
		{FD8EA3AA-6619-4CD8-96A2-51A4A5424E57}.Release|Any CPU.ActiveCfg = Release|Any CPU
		{FD8EA3AA-6619-4CD8-96A2-51A4A5424E57}.Release|Any CPU.Build.0 = Release|Any CPU
		{5995AAF5-824E-4F91-8FCE-EBDBC27C6D8D}.Debug|Any CPU.ActiveCfg = Debug|Any CPU
		{5995AAF5-824E-4F91-8FCE-EBDBC27C6D8D}.Debug|Any CPU.Build.0 = Debug|Any CPU
		{5995AAF5-824E-4F91-8FCE-EBDBC27C6D8D}.Release|Any CPU.ActiveCfg = Release|Any CPU
		{5995AAF5-824E-4F91-8FCE-EBDBC27C6D8D}.Release|Any CPU.Build.0 = Release|Any CPU
	EndGlobalSection
	GlobalSection(SolutionProperties) = preSolution
		HideSolutionNode = FALSE
	EndGlobalSection
	GlobalSection(ExtensibilityGlobals) = postSolution
		SolutionGuid = {13EFE5C5-3DB0-450B-8FD0-252B839A23E0}
	EndGlobalSection
EndGlobal
